
Microsoft Visual Studio Solution File, Format Version 12.00
# Visual Studio Version 16
VisualStudioVersion = 16.0.34031.81
MinimumVisualStudioVersion = 10.0.40219.1
Project("{2150E333-8FDC-42A3-9474-1A3956D46DE8}") = "Task0", "Task0", "{80FB680E-6D52-429B-805A-5F8B536FD0CB}"
EndProject
Project("{2150E333-8FDC-42A3-9474-1A3956D46DE8}") = "Task1", "Task1", "{DD651A83-6C97-42AE-A30B-0E8CFC447EBA}"
EndProject
Project("{2150E333-8FDC-42A3-9474-1A3956D46DE8}") = "Task2", "Task2", "{CA11893F-F992-47A4-81EF-284B05202591}"
EndProject
Project("{2150E333-8FDC-42A3-9474-1A3956D46DE8}") = "Task3", "Task3", "{CA88B30A-F8C9-43E4-884D-C4C7C9F8F9D5}"
EndProject
Project("{FAE04EC0-301F-11D3-BF4B-00C04F79EFBC}") = "Tyuiu.ShakirovRR.Sprint3.Task0.V3", "Tyuiu.ShakirovRR.Sprint3.Task0.V3\Tyuiu.ShakirovRR.Sprint3.Task0.V3.csproj", "{8B769FE3-2FD1-43E0-9098-9E122949C13E}"
EndProject
Project("{FAE04EC0-301F-11D3-BF4B-00C04F79EFBC}") = "Tyuiu.ShakirovRR.Sprint3.Task0.V3.Lib", "Tyuiu.ShakirovRR.Sprint3.Task0.V3.Lib\Tyuiu.ShakirovRR.Sprint3.Task0.V3.Lib.csproj", "{797A15E4-FEB5-48A6-90BA-7599039D3EA7}"
EndProject
Project("{FAE04EC0-301F-11D3-BF4B-00C04F79EFBC}") = "Tyuiu.ShakirovRR.Sprint3.Task0.V3.Test", "Tyuiu.ShakirovRR.Sprint3.Task0.V3.Test\Tyuiu.ShakirovRR.Sprint3.Task0.V3.Test.csproj", "{069E3E36-7BA9-47E9-8886-48456D157633}"
EndProject
Project("{FAE04EC0-301F-11D3-BF4B-00C04F79EFBC}") = "Tyuiu.ShakirovRR.Sprint3.Task1.V24", "Tyuiu.ShakirovRR.Sprint3.Task1.V24\Tyuiu.ShakirovRR.Sprint3.Task1.V24.csproj", "{4A709BAD-B87E-4272-AAAA-3D90ADA1FB2B}"
EndProject
Project("{FAE04EC0-301F-11D3-BF4B-00C04F79EFBC}") = "Tyuiu.ShakirovRR.Sprint3.Task1.V24.Lib", "Tyuiu.ShakirovRR.Sprint3.Task1.V24.Lib\Tyuiu.ShakirovRR.Sprint3.Task1.V24.Lib.csproj", "{B28BA2B3-EF9B-42A4-9EA2-2625D59FD9FD}"
EndProject
Project("{FAE04EC0-301F-11D3-BF4B-00C04F79EFBC}") = "Tyuiu.ShakirovRR.Sprint3.Task1.V24.Test", "Tyuiu.ShakirovRR.Sprint3.Task1.V24.Test\Tyuiu.ShakirovRR.Sprint3.Task1.V24.Test.csproj", "{957591AC-4C21-4C8E-9D5B-4E5E5B96C135}"
EndProject
Project("{FAE04EC0-301F-11D3-BF4B-00C04F79EFBC}") = "Tyuiu.ShakirovRR.Sprint3.Task2.V19", "Tyuiu.ShakirovRR.Sprint3.Task2.V19\Tyuiu.ShakirovRR.Sprint3.Task2.V19.csproj", "{0E3D9BD6-0862-4487-8300-B84F3C58F99A}"
EndProject
Project("{FAE04EC0-301F-11D3-BF4B-00C04F79EFBC}") = "Tyuiu.ShakirovRR.Sprint3.Task2.V19.Lib", "Tyuiu.ShakirovRR.Sprint3.Task2.V19.Lib\Tyuiu.ShakirovRR.Sprint3.Task2.V19.Lib.csproj", "{75A38A74-02B2-4730-A005-718CC5FDCA20}"
EndProject
Project("{FAE04EC0-301F-11D3-BF4B-00C04F79EFBC}") = "Tyuiu.ShakirovRR.Sprint3.Task2.V19.Test", "Tyuiu.ShakirovRR.Sprint3.Task2.V19.Test\Tyuiu.ShakirovRR.Sprint3.Task2.V19.Test.csproj", "{4D344FEF-1528-45C6-B6B7-4F6ACA58BF62}"
EndProject
Project("{FAE04EC0-301F-11D3-BF4B-00C04F79EFBC}") = "Tyuiu.ShakirovRR.Sprint3.Task3.V21", "Tyuiu.ShakirovRR.Sprint3.Task3.V21\Tyuiu.ShakirovRR.Sprint3.Task3.V21.csproj", "{00BC4BCA-14E4-4689-856B-6C2FF3178D5E}"
EndProject
Project("{FAE04EC0-301F-11D3-BF4B-00C04F79EFBC}") = "Tyuiu.ShakirovRR.Sprint3.Task3.V21.Lib", "Tyuiu.ShakirovRR.Sprint3.Task3.V21.Lib\Tyuiu.ShakirovRR.Sprint3.Task3.V21.Lib.csproj", "{1F80B7B8-2C85-4C46-8B8D-60AE5E1DB98D}"
EndProject
Project("{FAE04EC0-301F-11D3-BF4B-00C04F79EFBC}") = "Tyuiu.ShakirovRR.Sprint3.Task3.V21.Test", "Tyuiu.ShakirovRR.Sprint3.Task3.V21.Test\Tyuiu.ShakirovRR.Sprint3.Task3.V21.Test.csproj", "{F541427A-31C9-4E8C-A874-0799919741C7}"
EndProject
Global
	GlobalSection(SolutionConfigurationPlatforms) = preSolution
		Debug|Any CPU = Debug|Any CPU
		Release|Any CPU = Release|Any CPU
	EndGlobalSection
	GlobalSection(ProjectConfigurationPlatforms) = postSolution
		{8B769FE3-2FD1-43E0-9098-9E122949C13E}.Debug|Any CPU.ActiveCfg = Debug|Any CPU
		{8B769FE3-2FD1-43E0-9098-9E122949C13E}.Debug|Any CPU.Build.0 = Debug|Any CPU
		{8B769FE3-2FD1-43E0-9098-9E122949C13E}.Release|Any CPU.ActiveCfg = Release|Any CPU
		{8B769FE3-2FD1-43E0-9098-9E122949C13E}.Release|Any CPU.Build.0 = Release|Any CPU
		{797A15E4-FEB5-48A6-90BA-7599039D3EA7}.Debug|Any CPU.ActiveCfg = Debug|Any CPU
		{797A15E4-FEB5-48A6-90BA-7599039D3EA7}.Debug|Any CPU.Build.0 = Debug|Any CPU
		{797A15E4-FEB5-48A6-90BA-7599039D3EA7}.Release|Any CPU.ActiveCfg = Release|Any CPU
		{797A15E4-FEB5-48A6-90BA-7599039D3EA7}.Release|Any CPU.Build.0 = Release|Any CPU
		{069E3E36-7BA9-47E9-8886-48456D157633}.Debug|Any CPU.ActiveCfg = Debug|Any CPU
		{069E3E36-7BA9-47E9-8886-48456D157633}.Debug|Any CPU.Build.0 = Debug|Any CPU
		{069E3E36-7BA9-47E9-8886-48456D157633}.Release|Any CPU.ActiveCfg = Release|Any CPU
		{069E3E36-7BA9-47E9-8886-48456D157633}.Release|Any CPU.Build.0 = Release|Any CPU
		{4A709BAD-B87E-4272-AAAA-3D90ADA1FB2B}.Debug|Any CPU.ActiveCfg = Debug|Any CPU
		{4A709BAD-B87E-4272-AAAA-3D90ADA1FB2B}.Debug|Any CPU.Build.0 = Debug|Any CPU
		{4A709BAD-B87E-4272-AAAA-3D90ADA1FB2B}.Release|Any CPU.ActiveCfg = Release|Any CPU
		{4A709BAD-B87E-4272-AAAA-3D90ADA1FB2B}.Release|Any CPU.Build.0 = Release|Any CPU
		{B28BA2B3-EF9B-42A4-9EA2-2625D59FD9FD}.Debug|Any CPU.ActiveCfg = Debug|Any CPU
		{B28BA2B3-EF9B-42A4-9EA2-2625D59FD9FD}.Debug|Any CPU.Build.0 = Debug|Any CPU
		{B28BA2B3-EF9B-42A4-9EA2-2625D59FD9FD}.Release|Any CPU.ActiveCfg = Release|Any CPU
		{B28BA2B3-EF9B-42A4-9EA2-2625D59FD9FD}.Release|Any CPU.Build.0 = Release|Any CPU
		{957591AC-4C21-4C8E-9D5B-4E5E5B96C135}.Debug|Any CPU.ActiveCfg = Debug|Any CPU
		{957591AC-4C21-4C8E-9D5B-4E5E5B96C135}.Debug|Any CPU.Build.0 = Debug|Any CPU
		{957591AC-4C21-4C8E-9D5B-4E5E5B96C135}.Release|Any CPU.ActiveCfg = Release|Any CPU
		{957591AC-4C21-4C8E-9D5B-4E5E5B96C135}.Release|Any CPU.Build.0 = Release|Any CPU
		{0E3D9BD6-0862-4487-8300-B84F3C58F99A}.Debug|Any CPU.ActiveCfg = Debug|Any CPU
		{0E3D9BD6-0862-4487-8300-B84F3C58F99A}.Debug|Any CPU.Build.0 = Debug|Any CPU
		{0E3D9BD6-0862-4487-8300-B84F3C58F99A}.Release|Any CPU.ActiveCfg = Release|Any CPU
		{0E3D9BD6-0862-4487-8300-B84F3C58F99A}.Release|Any CPU.Build.0 = Release|Any CPU
		{75A38A74-02B2-4730-A005-718CC5FDCA20}.Debug|Any CPU.ActiveCfg = Debug|Any CPU
		{75A38A74-02B2-4730-A005-718CC5FDCA20}.Debug|Any CPU.Build.0 = Debug|Any CPU
		{75A38A74-02B2-4730-A005-718CC5FDCA20}.Release|Any CPU.ActiveCfg = Release|Any CPU
		{75A38A74-02B2-4730-A005-718CC5FDCA20}.Release|Any CPU.Build.0 = Release|Any CPU
		{4D344FEF-1528-45C6-B6B7-4F6ACA58BF62}.Debug|Any CPU.ActiveCfg = Debug|Any CPU
		{4D344FEF-1528-45C6-B6B7-4F6ACA58BF62}.Debug|Any CPU.Build.0 = Debug|Any CPU
		{4D344FEF-1528-45C6-B6B7-4F6ACA58BF62}.Release|Any CPU.ActiveCfg = Release|Any CPU
		{4D344FEF-1528-45C6-B6B7-4F6ACA58BF62}.Release|Any CPU.Build.0 = Release|Any CPU
		{00BC4BCA-14E4-4689-856B-6C2FF3178D5E}.Debug|Any CPU.ActiveCfg = Debug|Any CPU
		{00BC4BCA-14E4-4689-856B-6C2FF3178D5E}.Debug|Any CPU.Build.0 = Debug|Any CPU
		{00BC4BCA-14E4-4689-856B-6C2FF3178D5E}.Release|Any CPU.ActiveCfg = Release|Any CPU
		{00BC4BCA-14E4-4689-856B-6C2FF3178D5E}.Release|Any CPU.Build.0 = Release|Any CPU
		{1F80B7B8-2C85-4C46-8B8D-60AE5E1DB98D}.Debug|Any CPU.ActiveCfg = Debug|Any CPU
		{1F80B7B8-2C85-4C46-8B8D-60AE5E1DB98D}.Debug|Any CPU.Build.0 = Debug|Any CPU
		{1F80B7B8-2C85-4C46-8B8D-60AE5E1DB98D}.Release|Any CPU.ActiveCfg = Release|Any CPU
		{1F80B7B8-2C85-4C46-8B8D-60AE5E1DB98D}.Release|Any CPU.Build.0 = Release|Any CPU
		{F541427A-31C9-4E8C-A874-0799919741C7}.Debug|Any CPU.ActiveCfg = Debug|Any CPU
		{F541427A-31C9-4E8C-A874-0799919741C7}.Debug|Any CPU.Build.0 = Debug|Any CPU
		{F541427A-31C9-4E8C-A874-0799919741C7}.Release|Any CPU.ActiveCfg = Release|Any CPU
		{F541427A-31C9-4E8C-A874-0799919741C7}.Release|Any CPU.Build.0 = Release|Any CPU
	EndGlobalSection
	GlobalSection(SolutionProperties) = preSolution
		HideSolutionNode = FALSE
	EndGlobalSection
	GlobalSection(NestedProjects) = preSolution
		{8B769FE3-2FD1-43E0-9098-9E122949C13E} = {80FB680E-6D52-429B-805A-5F8B536FD0CB}
		{797A15E4-FEB5-48A6-90BA-7599039D3EA7} = {80FB680E-6D52-429B-805A-5F8B536FD0CB}
		{069E3E36-7BA9-47E9-8886-48456D157633} = {80FB680E-6D52-429B-805A-5F8B536FD0CB}
		{4A709BAD-B87E-4272-AAAA-3D90ADA1FB2B} = {DD651A83-6C97-42AE-A30B-0E8CFC447EBA}
		{B28BA2B3-EF9B-42A4-9EA2-2625D59FD9FD} = {DD651A83-6C97-42AE-A30B-0E8CFC447EBA}
		{957591AC-4C21-4C8E-9D5B-4E5E5B96C135} = {DD651A83-6C97-42AE-A30B-0E8CFC447EBA}
		{0E3D9BD6-0862-4487-8300-B84F3C58F99A} = {CA11893F-F992-47A4-81EF-284B05202591}
		{75A38A74-02B2-4730-A005-718CC5FDCA20} = {CA11893F-F992-47A4-81EF-284B05202591}
		{4D344FEF-1528-45C6-B6B7-4F6ACA58BF62} = {CA11893F-F992-47A4-81EF-284B05202591}
		{00BC4BCA-14E4-4689-856B-6C2FF3178D5E} = {CA88B30A-F8C9-43E4-884D-C4C7C9F8F9D5}
		{1F80B7B8-2C85-4C46-8B8D-60AE5E1DB98D} = {CA88B30A-F8C9-43E4-884D-C4C7C9F8F9D5}
		{F541427A-31C9-4E8C-A874-0799919741C7} = {CA88B30A-F8C9-43E4-884D-C4C7C9F8F9D5}
	EndGlobalSection
	GlobalSection(ExtensibilityGlobals) = postSolution
		SolutionGuid = {3B453514-3942-4AC1-87D8-47B2A4D595A0}
	EndGlobalSection
EndGlobal
